
Microsoft Visual Studio Solution File, Format Version 11.00
# Visual Studio 2010
Project("{FAE04EC0-301F-11D3-BF4B-00C04F79EFBC}") = "GTGD_S3", "Assembly-CSharp.csproj", "{134CA491-265F-9585-F0B8-5136FE796AEA}"
EndProject
Project("{FAE04EC0-301F-11D3-BF4B-00C04F79EFBC}") = "GTGD_S3", "Assembly-CSharp-Editor.csproj", "{3FD4E835-6E27-4375-80F3-8A3CD3437B65}"
EndProject
Global
	GlobalSection(SolutionConfigurationPlatforms) = preSolution
		Debug|Any CPU = Debug|Any CPU
		Release|Any CPU = Release|Any CPU
	EndGlobalSection
	GlobalSection(ProjectConfigurationPlatforms) = postSolution
		{134CA491-265F-9585-F0B8-5136FE796AEA}.Debug|Any CPU.ActiveCfg = Debug|Any CPU
		{134CA491-265F-9585-F0B8-5136FE796AEA}.Debug|Any CPU.Build.0 = Debug|Any CPU
		{134CA491-265F-9585-F0B8-5136FE796AEA}.Release|Any CPU.ActiveCfg = Release|Any CPU
		{134CA491-265F-9585-F0B8-5136FE796AEA}.Release|Any CPU.Build.0 = Release|Any CPU
		{3FD4E835-6E27-4375-80F3-8A3CD3437B65}.Debug|Any CPU.ActiveCfg = Debug|Any CPU
		{3FD4E835-6E27-4375-80F3-8A3CD3437B65}.Debug|Any CPU.Build.0 = Debug|Any CPU
		{3FD4E835-6E27-4375-80F3-8A3CD3437B65}.Release|Any CPU.ActiveCfg = Release|Any CPU
		{3FD4E835-6E27-4375-80F3-8A3CD3437B65}.Release|Any CPU.Build.0 = Release|Any CPU
	EndGlobalSection
	GlobalSection(SolutionProperties) = preSolution
		HideSolutionNode = FALSE
	EndGlobalSection
	GlobalSection(MonoDevelopProperties) = preSolution
		StartupItem = Assembly-CSharp.csproj
	EndGlobalSection
EndGlobal
